
Microsoft Visual Studio Solution File, Format Version 12.00
# Visual Studio Version 17
VisualStudioVersion = 17.5.33502.453
MinimumVisualStudioVersion = 10.0.40219.1
Project("{8BC9CEB8-8B4A-11D0-8D11-00A0C91BC942}") = "GameEngineBase", "GameEngineBase\GameEngineBase.vcxproj", "{DB4E3CAF-E2F8-4D4E-ACCB-1CF569EA79B4}"
EndProject
Project("{8BC9CEB8-8B4A-11D0-8D11-00A0C91BC942}") = "GameEnginePlatform", "GameEnginePlatform\GameEnginePlatform.vcxproj", "{C061B19C-D269-44CC-812F-9F851E7052EE}"
	ProjectSection(ProjectDependencies) = postProject
		{DB4E3CAF-E2F8-4D4E-ACCB-1CF569EA79B4} = {DB4E3CAF-E2F8-4D4E-ACCB-1CF569EA79B4}
	EndProjectSection
EndProject
Project("{2150E333-8FDC-42A3-9474-1A3956D46DE8}") = "03.App", "03.App", "{A4FA2CD0-FD3B-4CFC-ADEB-32678B02F4E6}"
EndProject
Project("{8BC9CEB8-8B4A-11D0-8D11-00A0C91BC942}") = "App", "App\App.vcxproj", "{86784B81-6977-4F4B-80CE-81D18FC446CB}"
	ProjectSection(ProjectDependencies) = postProject
		{1704979A-5BC4-4CAE-9E97-C0C30C27A96E} = {1704979A-5BC4-4CAE-9E97-C0C30C27A96E}
		{7F1DF510-ECC8-4735-82C2-F07990C61E8C} = {7F1DF510-ECC8-4735-82C2-F07990C61E8C}
		{C061B19C-D269-44CC-812F-9F851E7052EE} = {C061B19C-D269-44CC-812F-9F851E7052EE}
		{DB4E3CAF-E2F8-4D4E-ACCB-1CF569EA79B4} = {DB4E3CAF-E2F8-4D4E-ACCB-1CF569EA79B4}
	EndProjectSection
EndProject
Project("{8BC9CEB8-8B4A-11D0-8D11-00A0C91BC942}") = "GameEngineCore", "GameEngineCore\GameEngineCore.vcxproj", "{1704979A-5BC4-4CAE-9E97-C0C30C27A96E}"
	ProjectSection(ProjectDependencies) = postProject
		{C061B19C-D269-44CC-812F-9F851E7052EE} = {C061B19C-D269-44CC-812F-9F851E7052EE}
		{DB4E3CAF-E2F8-4D4E-ACCB-1CF569EA79B4} = {DB4E3CAF-E2F8-4D4E-ACCB-1CF569EA79B4}
	EndProjectSection
EndProject
Project("{2150E333-8FDC-42A3-9474-1A3956D46DE8}") = "01.Engine", "01.Engine", "{472EE801-56FA-4923-909C-BD9402EA4A8F}"
EndProject
Project("{2150E333-8FDC-42A3-9474-1A3956D46DE8}") = "Level0", "Level0", "{7F06F0C5-6CBA-4FD0-B3BC-D2DC7BFFE26F}"
EndProject
Project("{2150E333-8FDC-42A3-9474-1A3956D46DE8}") = "Level1", "Level1", "{C74E5CE5-71C5-4A7B-93F4-D8B72C70FC94}"
EndProject
Project("{2150E333-8FDC-42A3-9474-1A3956D46DE8}") = "02.Contents", "02.Contents", "{CFAF9C42-42C1-4306-A508-815230464F5E}"
EndProject
Project("{8BC9CEB8-8B4A-11D0-8D11-00A0C91BC942}") = "GameEngineContents", "GameEngineContents\GameEngineContents.vcxproj", "{7F1DF510-ECC8-4735-82C2-F07990C61E8C}"
	ProjectSection(ProjectDependencies) = postProject
		{1704979A-5BC4-4CAE-9E97-C0C30C27A96E} = {1704979A-5BC4-4CAE-9E97-C0C30C27A96E}
		{C061B19C-D269-44CC-812F-9F851E7052EE} = {C061B19C-D269-44CC-812F-9F851E7052EE}
		{DB4E3CAF-E2F8-4D4E-ACCB-1CF569EA79B4} = {DB4E3CAF-E2F8-4D4E-ACCB-1CF569EA79B4}
	EndProjectSection
EndProject
Project("{2150E333-8FDC-42A3-9474-1A3956D46DE8}") = "_Doc", "_Doc", "{E8ED5ECD-2BB1-49E1-A969-58AA88FE7707}"
	ProjectSection(SolutionItems) = preProject
		정리.txt = 정리.txt
	EndProjectSection
EndProject
Project("{2150E333-8FDC-42A3-9474-1A3956D46DE8}") = "Shader", "Shader", "{45A0FD3B-AEB1-4290-AB0D-3062BDB319B2}"
EndProject
Project("{8BC9CEB8-8B4A-11D0-8D11-00A0C91BC942}") = "Shader", "EngineResources\Shader\Shader.vcxproj", "{04409F3F-3A27-4DEF-BDE0-8872E6BB5A60}"
EndProject
Project("{8BC9CEB8-8B4A-11D0-8D11-00A0C91BC942}") = "RCGShader", "ContentsResource\Shader\RCGShader\RCGShader.vcxproj", "{6C2687F1-9A7E-43ED-B3FB-E6A64894A070}"
EndProject
Global
	GlobalSection(SolutionConfigurationPlatforms) = preSolution
		Debug|x64 = Debug|x64
		Debug|x86 = Debug|x86
		Release|x64 = Release|x64
		Release|x86 = Release|x86
	EndGlobalSection
	GlobalSection(ProjectConfigurationPlatforms) = postSolution
		{DB4E3CAF-E2F8-4D4E-ACCB-1CF569EA79B4}.Debug|x64.ActiveCfg = Debug|x64
		{DB4E3CAF-E2F8-4D4E-ACCB-1CF569EA79B4}.Debug|x64.Build.0 = Debug|x64
		{DB4E3CAF-E2F8-4D4E-ACCB-1CF569EA79B4}.Debug|x86.ActiveCfg = Debug|Win32
		{DB4E3CAF-E2F8-4D4E-ACCB-1CF569EA79B4}.Debug|x86.Build.0 = Debug|Win32
		{DB4E3CAF-E2F8-4D4E-ACCB-1CF569EA79B4}.Release|x64.ActiveCfg = Release|x64
		{DB4E3CAF-E2F8-4D4E-ACCB-1CF569EA79B4}.Release|x64.Build.0 = Release|x64
		{DB4E3CAF-E2F8-4D4E-ACCB-1CF569EA79B4}.Release|x86.ActiveCfg = Release|Win32
		{DB4E3CAF-E2F8-4D4E-ACCB-1CF569EA79B4}.Release|x86.Build.0 = Release|Win32
		{C061B19C-D269-44CC-812F-9F851E7052EE}.Debug|x64.ActiveCfg = Debug|x64
		{C061B19C-D269-44CC-812F-9F851E7052EE}.Debug|x64.Build.0 = Debug|x64
		{C061B19C-D269-44CC-812F-9F851E7052EE}.Debug|x86.ActiveCfg = Debug|Win32
		{C061B19C-D269-44CC-812F-9F851E7052EE}.Debug|x86.Build.0 = Debug|Win32
		{C061B19C-D269-44CC-812F-9F851E7052EE}.Release|x64.ActiveCfg = Release|x64
		{C061B19C-D269-44CC-812F-9F851E7052EE}.Release|x64.Build.0 = Release|x64
		{C061B19C-D269-44CC-812F-9F851E7052EE}.Release|x86.ActiveCfg = Release|Win32
		{C061B19C-D269-44CC-812F-9F851E7052EE}.Release|x86.Build.0 = Release|Win32
		{86784B81-6977-4F4B-80CE-81D18FC446CB}.Debug|x64.ActiveCfg = Debug|x64
		{86784B81-6977-4F4B-80CE-81D18FC446CB}.Debug|x64.Build.0 = Debug|x64
		{86784B81-6977-4F4B-80CE-81D18FC446CB}.Debug|x86.ActiveCfg = Debug|Win32
		{86784B81-6977-4F4B-80CE-81D18FC446CB}.Debug|x86.Build.0 = Debug|Win32
		{86784B81-6977-4F4B-80CE-81D18FC446CB}.Release|x64.ActiveCfg = Release|x64
		{86784B81-6977-4F4B-80CE-81D18FC446CB}.Release|x64.Build.0 = Release|x64
		{86784B81-6977-4F4B-80CE-81D18FC446CB}.Release|x86.ActiveCfg = Release|Win32
		{86784B81-6977-4F4B-80CE-81D18FC446CB}.Release|x86.Build.0 = Release|Win32
		{1704979A-5BC4-4CAE-9E97-C0C30C27A96E}.Debug|x64.ActiveCfg = Debug|x64
		{1704979A-5BC4-4CAE-9E97-C0C30C27A96E}.Debug|x64.Build.0 = Debug|x64
		{1704979A-5BC4-4CAE-9E97-C0C30C27A96E}.Debug|x86.ActiveCfg = Debug|Win32
		{1704979A-5BC4-4CAE-9E97-C0C30C27A96E}.Debug|x86.Build.0 = Debug|Win32
		{1704979A-5BC4-4CAE-9E97-C0C30C27A96E}.Release|x64.ActiveCfg = Release|x64
		{1704979A-5BC4-4CAE-9E97-C0C30C27A96E}.Release|x64.Build.0 = Release|x64
		{1704979A-5BC4-4CAE-9E97-C0C30C27A96E}.Release|x86.ActiveCfg = Release|Win32
		{1704979A-5BC4-4CAE-9E97-C0C30C27A96E}.Release|x86.Build.0 = Release|Win32
		{7F1DF510-ECC8-4735-82C2-F07990C61E8C}.Debug|x64.ActiveCfg = Debug|x64
		{7F1DF510-ECC8-4735-82C2-F07990C61E8C}.Debug|x64.Build.0 = Debug|x64
		{7F1DF510-ECC8-4735-82C2-F07990C61E8C}.Debug|x86.ActiveCfg = Debug|Win32
		{7F1DF510-ECC8-4735-82C2-F07990C61E8C}.Debug|x86.Build.0 = Debug|Win32
		{7F1DF510-ECC8-4735-82C2-F07990C61E8C}.Release|x64.ActiveCfg = Release|x64
		{7F1DF510-ECC8-4735-82C2-F07990C61E8C}.Release|x64.Build.0 = Release|x64
		{7F1DF510-ECC8-4735-82C2-F07990C61E8C}.Release|x86.ActiveCfg = Release|Win32
		{7F1DF510-ECC8-4735-82C2-F07990C61E8C}.Release|x86.Build.0 = Release|Win32
		{04409F3F-3A27-4DEF-BDE0-8872E6BB5A60}.Debug|x64.ActiveCfg = Debug|x64
		{04409F3F-3A27-4DEF-BDE0-8872E6BB5A60}.Debug|x86.ActiveCfg = Debug|Win32
		{04409F3F-3A27-4DEF-BDE0-8872E6BB5A60}.Release|x64.ActiveCfg = Release|x64
		{04409F3F-3A27-4DEF-BDE0-8872E6BB5A60}.Release|x86.ActiveCfg = Release|Win32
		{6C2687F1-9A7E-43ED-B3FB-E6A64894A070}.Debug|x64.ActiveCfg = Debug|x64
		{6C2687F1-9A7E-43ED-B3FB-E6A64894A070}.Debug|x86.ActiveCfg = Debug|Win32
		{6C2687F1-9A7E-43ED-B3FB-E6A64894A070}.Release|x64.ActiveCfg = Release|x64
		{6C2687F1-9A7E-43ED-B3FB-E6A64894A070}.Release|x86.ActiveCfg = Release|Win32
	EndGlobalSection
	GlobalSection(SolutionProperties) = preSolution
		HideSolutionNode = FALSE
	EndGlobalSection
	GlobalSection(NestedProjects) = preSolution
		{DB4E3CAF-E2F8-4D4E-ACCB-1CF569EA79B4} = {7F06F0C5-6CBA-4FD0-B3BC-D2DC7BFFE26F}
		{C061B19C-D269-44CC-812F-9F851E7052EE} = {7F06F0C5-6CBA-4FD0-B3BC-D2DC7BFFE26F}
		{86784B81-6977-4F4B-80CE-81D18FC446CB} = {A4FA2CD0-FD3B-4CFC-ADEB-32678B02F4E6}
		{1704979A-5BC4-4CAE-9E97-C0C30C27A96E} = {C74E5CE5-71C5-4A7B-93F4-D8B72C70FC94}
		{7F06F0C5-6CBA-4FD0-B3BC-D2DC7BFFE26F} = {472EE801-56FA-4923-909C-BD9402EA4A8F}
		{C74E5CE5-71C5-4A7B-93F4-D8B72C70FC94} = {472EE801-56FA-4923-909C-BD9402EA4A8F}
		{7F1DF510-ECC8-4735-82C2-F07990C61E8C} = {CFAF9C42-42C1-4306-A508-815230464F5E}
		{45A0FD3B-AEB1-4290-AB0D-3062BDB319B2} = {472EE801-56FA-4923-909C-BD9402EA4A8F}
		{04409F3F-3A27-4DEF-BDE0-8872E6BB5A60} = {45A0FD3B-AEB1-4290-AB0D-3062BDB319B2}
		{6C2687F1-9A7E-43ED-B3FB-E6A64894A070} = {CFAF9C42-42C1-4306-A508-815230464F5E}
	EndGlobalSection
	GlobalSection(ExtensibilityGlobals) = postSolution
		SolutionGuid = {DE3B114F-ADA7-4C01-84BF-AB124990C820}
	EndGlobalSection
EndGlobal
