<?xml version="1.0" encoding="utf-8"?>
<Project ToolsVersion="4.0" xmlns="http://schemas.microsoft.com/developer/msbuild/2003">
  <ItemGroup>
    <Filter Include="01.Core">
      <UniqueIdentifier>{b5981435-e892-4f55-bbd3-beb1b63dc213}</UniqueIdentifier>
    </Filter>
    <Filter Include="_Pch">
      <UniqueIdentifier>{c4f1183a-aa1a-4407-8fbd-caa41a75cf13}</UniqueIdentifier>
    </Filter>
  </ItemGroup>
  <ItemGroup>
    <ClCompile Include="ContentsCore.cpp">
      <Filter>01.Core</Filter>
    </ClCompile>
    <ClCompile Include="TestLevel.cpp" />
    <ClCompile Include="TestActor.cpp" />
    <ClCompile Include="PrecompileHeader.cpp">
      <Filter>_Pch</Filter>
    </ClCompile>
  </ItemGroup>
  <ItemGroup>
    <ClInclude Include="ContentsCore.h">
      <Filter>01.Core</Filter>
    </ClInclude>
    <ClInclude Include="TestLevel.h" />
    <ClInclude Include="TestActor.h" />
    <ClInclude Include="PrecompileHeader.h">
      <Filter>_Pch</Filter>
    </ClInclude>
  </ItemGroup>
</Project>