<?xml version="1.0" encoding="utf-8"?>
<Project ToolsVersion="4.0" xmlns="http://schemas.microsoft.com/developer/msbuild/2003">
  <ItemGroup>
    <Filter Include="01.Core">
      <UniqueIdentifier>{b5981435-e892-4f55-bbd3-beb1b63dc213}</UniqueIdentifier>
    </Filter>
    <Filter Include="_Pch">
      <UniqueIdentifier>{c4f1183a-aa1a-4407-8fbd-caa41a75cf13}</UniqueIdentifier>
    </Filter>
    <Filter Include="02.Level">
      <UniqueIdentifier>{6f74579d-18fb-4292-b1e2-1a3cdc8db269}</UniqueIdentifier>
    </Filter>
    <Filter Include="02.Level\01.Cinematic">
      <UniqueIdentifier>{d5629088-d655-4205-bd0f-d8569c16ca5f}</UniqueIdentifier>
    </Filter>
    <Filter Include="02.Level\01.Cinematic\01.Opening">
      <UniqueIdentifier>{2d5106a9-e4d0-4ddc-8f5f-ce983726fb6c}</UniqueIdentifier>
    </Filter>
    <Filter Include="02.Level\01.Cinematic\02.Ending">
      <UniqueIdentifier>{1f539a17-c952-4991-b5cf-0233ea7af1ed}</UniqueIdentifier>
    </Filter>
    <Filter Include="02.Level\02.Field">
      <UniqueIdentifier>{4c12e173-ff01-454c-a008-435915bc5cb9}</UniqueIdentifier>
    </Filter>
    <Filter Include="02.Level\03.Shop">
      <UniqueIdentifier>{895b2567-74af-46d9-80da-176922153b3d}</UniqueIdentifier>
    </Filter>
    <Filter Include="02.Level\03.Shop\02.Burger">
      <UniqueIdentifier>{33f21ba6-2b3d-4b72-8e72-f46868f62be6}</UniqueIdentifier>
    </Filter>
    <Filter Include="02.Level\03.Shop\03.Store">
      <UniqueIdentifier>{d8f213e8-97ee-446e-839b-a625effadafa}</UniqueIdentifier>
    </Filter>
    <Filter Include="03.Actor">
      <UniqueIdentifier>{aa569671-3c47-43ea-897a-7b9159ef1b89}</UniqueIdentifier>
    </Filter>
    <Filter Include="02.Level\02.Field\04.CrossTown1">
      <UniqueIdentifier>{ef3d52a3-cf50-42bf-97cf-21eb3c78417b}</UniqueIdentifier>
    </Filter>
    <Filter Include="02.Level\02.Field\05.CrossTown2">
      <UniqueIdentifier>{f8d9643e-c72b-44f6-a581-3b5013fc512f}</UniqueIdentifier>
    </Filter>
    <Filter Include="02.Level\02.Field\06.CrossTown3">
      <UniqueIdentifier>{aff7705e-f6da-424a-82a4-122afadd89ae}</UniqueIdentifier>
    </Filter>
    <Filter Include="02.Level\02.Field\08.Ocean">
      <UniqueIdentifier>{824f777f-801b-4853-a116-4c876f085304}</UniqueIdentifier>
    </Filter>
    <Filter Include="02.Level\02.Field\01.FieldBase">
      <UniqueIdentifier>{296b1726-456e-4413-94df-688952ba2bc0}</UniqueIdentifier>
    </Filter>
    <Filter Include="01.Core\01.Core">
      <UniqueIdentifier>{b2bb795d-a520-4e94-bf73-c507b5bd9a2c}</UniqueIdentifier>
    </Filter>
    <Filter Include="01.Core\02.Define">
      <UniqueIdentifier>{483b9223-d2aa-462b-a0ef-59cf7aa8a30c}</UniqueIdentifier>
    </Filter>
    <Filter Include="02.Level\02.Field\02.SchoolEntry">
      <UniqueIdentifier>{3e8d08e2-1c7b-411f-b131-6e10a686dcf1}</UniqueIdentifier>
    </Filter>
    <Filter Include="02.Level\02.Field\03.SchoolBoss">
      <UniqueIdentifier>{7fda5a4c-2dd9-42de-be81-9829be8d1ce9}</UniqueIdentifier>
    </Filter>
    <Filter Include="02.Level\02.Field\07.TownBoss">
      <UniqueIdentifier>{8ac5f9fe-c152-46dc-bbd1-4b30bc498902}</UniqueIdentifier>
    </Filter>
    <Filter Include="03.Actor\02.OpeningActor">
      <UniqueIdentifier>{aa088fdc-c3c2-4eb5-981b-6fc39574bb3a}</UniqueIdentifier>
    </Filter>
    <Filter Include="03.Actor\04.UI">
      <UniqueIdentifier>{6ecfb5c7-2c36-46cb-a25d-2696bb8e47d8}</UniqueIdentifier>
    </Filter>
    <Filter Include="04.Component">
      <UniqueIdentifier>{0ba3daf2-4131-4772-a06d-f1eeaec8e087}</UniqueIdentifier>
    </Filter>
    <Filter Include="04.Component\01.FSMBase">
      <UniqueIdentifier>{434f063c-f3d1-4c63-871a-680033109664}</UniqueIdentifier>
    </Filter>
    <Filter Include="04.Component\01.FSMBase\01.FSMBase">
      <UniqueIdentifier>{aafd344c-a59f-4a8d-80c2-2243b26b0e2c}</UniqueIdentifier>
    </Filter>
    <Filter Include="04.Component\01.FSMBase\02.StateBase">
      <UniqueIdentifier>{54ceee0c-9c8a-4365-b4cb-53533d420043}</UniqueIdentifier>
    </Filter>
    <Filter Include="02.Level\02.Field\09.OceanBoss">
      <UniqueIdentifier>{58f2083b-0256-4110-bd02-ca31f3e209ab}</UniqueIdentifier>
    </Filter>
    <Filter Include="01.Core\03.Manager/Controller">
      <UniqueIdentifier>{329c6059-1984-41ac-acc1-11501f58b64a}</UniqueIdentifier>
    </Filter>
    <Filter Include="01.Core\03.Manager/Controller\01.KeyMgr">
      <UniqueIdentifier>{18732f7e-e4d6-455c-b9e3-636b2e7860fb}</UniqueIdentifier>
    </Filter>
    <Filter Include="01.Core\03.Manager/Controller\02.FieldCam">
      <UniqueIdentifier>{d6de4946-2c72-41f0-8a5d-1d5f80d03bb3}</UniqueIdentifier>
    </Filter>
    <Filter Include="03.Actor\01.BackGround">
      <UniqueIdentifier>{22d7f0a5-a5f5-4be5-994c-6a161eb1d3f9}</UniqueIdentifier>
    </Filter>
    <Filter Include="03.Actor\03.FieldCharacter">
      <UniqueIdentifier>{6cbfcf5b-a11b-4570-962f-fdbe2b6f4a00}</UniqueIdentifier>
    </Filter>
    <Filter Include="03.Actor\03.FieldCharacter\01.FieldActorBase">
      <UniqueIdentifier>{7c5dd5d2-a154-486b-ac83-fa02ad6388cd}</UniqueIdentifier>
    </Filter>
    <Filter Include="03.Actor\03.FieldCharacter\02.FieldPlayer">
      <UniqueIdentifier>{9bfba157-1d40-47f0-a66a-be65b68451e4}</UniqueIdentifier>
    </Filter>
    <Filter Include="03.Actor\03.FieldCharacter\02.FieldPlayer\01.Actor">
      <UniqueIdentifier>{4b957c25-1ed2-42eb-ab53-1863c7f1929e}</UniqueIdentifier>
    </Filter>
    <Filter Include="03.Actor\03.FieldCharacter\02.FieldPlayer\02.FSM">
      <UniqueIdentifier>{08e2c60e-9fcf-47e6-8263-22ad2e4cb5d0}</UniqueIdentifier>
    </Filter>
    <Filter Include="03.Actor\03.FieldCharacter\02.FieldPlayer\02.FSM\01.FSM">
      <UniqueIdentifier>{00356c02-2b31-40fc-9e12-8621d2b5ba05}</UniqueIdentifier>
    </Filter>
    <Filter Include="03.Actor\03.FieldCharacter\02.FieldPlayer\02.FSM\02.StateBase">
      <UniqueIdentifier>{b9c2713a-1869-4832-b9bb-43edd558ef9f}</UniqueIdentifier>
    </Filter>
    <Filter Include="03.Actor\03.FieldCharacter\02.FieldPlayer\02.FSM\03.Idle">
      <UniqueIdentifier>{aa624834-e693-4964-9aa8-ca8ed19d814b}</UniqueIdentifier>
    </Filter>
    <Filter Include="03.Actor\03.FieldCharacter\02.FieldPlayer\02.FSM\04.Move">
      <UniqueIdentifier>{c1aa9586-a8be-4031-a937-70535444f75c}</UniqueIdentifier>
    </Filter>
    <Filter Include="03.Actor\03.FieldCharacter\02.FieldPlayer\02.FSM\05.Jump">
      <UniqueIdentifier>{1ce6168e-8834-4ce2-864a-268dc3f983d1}</UniqueIdentifier>
    </Filter>
    <Filter Include="03.Actor\03.FieldCharacter\02.FieldPlayer\02.FSM\06.Fall">
      <UniqueIdentifier>{b94727c1-8baa-423f-8c2b-4591580b4ee1}</UniqueIdentifier>
    </Filter>
    <Filter Include="03.Actor\05.FieldDoor">
      <UniqueIdentifier>{e599bc32-a0cb-4e00-ae0f-5bc480085d53}</UniqueIdentifier>
    </Filter>
    <Filter Include="01.Core\03.Manager/Controller\03.LevelMgr">
      <UniqueIdentifier>{4e54979e-6a8a-4495-82bd-2d900bdf3109}</UniqueIdentifier>
    </Filter>
    <Filter Include="04.Component\02.InstanceFSM">
      <UniqueIdentifier>{d1dc5620-ac66-43dd-bd09-0b127665ba44}</UniqueIdentifier>
    </Filter>
    <Filter Include="02.Level\03.Shop\01.Base">
      <UniqueIdentifier>{9040b2ae-22bb-48b3-9207-5335ab7b6dc2}</UniqueIdentifier>
    </Filter>
    <Filter Include="02.Level\03.Shop\04.Gym">
      <UniqueIdentifier>{3b94846a-3c88-4784-ac1a-4fe837bf8aa8}</UniqueIdentifier>
    </Filter>
    <Filter Include="99.Test">
      <UniqueIdentifier>{7bb58e2c-6a2e-4383-99c7-c64700ab2299}</UniqueIdentifier>
    </Filter>
    <Filter Include="99.Test\ShaderTestActor">
      <UniqueIdentifier>{568818b9-8146-4456-a6b1-0e0cac546050}</UniqueIdentifier>
    </Filter>
    <Filter Include="03.Actor\04.UI\01.UIBase">
      <UniqueIdentifier>{f36f6b45-6202-4da3-b6ec-0a23c11a8d16}</UniqueIdentifier>
    </Filter>
    <Filter Include="03.Actor\04.UI\02.HUD">
      <UniqueIdentifier>{a6f4803e-fca4-4bd0-b781-3580f1c13609}</UniqueIdentifier>
    </Filter>
    <Filter Include="03.Actor\04.UI\03.Fade">
      <UniqueIdentifier>{11c42abe-4ba6-4918-8583-aba74eaaa0c7}</UniqueIdentifier>
    </Filter>
    <Filter Include="01.Core\03.Manager/Controller\04.DataMgr">
      <UniqueIdentifier>{da1b414e-844e-487d-b945-7aeb71bb2a39}</UniqueIdentifier>
    </Filter>
    <Filter Include="99.Test\ColorWave">
      <UniqueIdentifier>{2279013a-aae6-40b3-8d98-61371fdaac96}</UniqueIdentifier>
    </Filter>
    <Filter Include="03.Actor\06.Effect">
      <UniqueIdentifier>{b305fa0f-5051-4e8d-951d-444743921964}</UniqueIdentifier>
    </Filter>
    <Filter Include="03.Actor\03.FieldCharacter\02.FieldPlayer\02.FSM\07.Dash">
      <UniqueIdentifier>{e3f3d3a5-8aa9-43d9-841e-e56135eed7dd}</UniqueIdentifier>
    </Filter>
    <Filter Include="03.Actor\06.Effect\01.GlichSideAttack">
      <UniqueIdentifier>{45912f54-2552-404c-b03d-31c222888c46}</UniqueIdentifier>
    </Filter>
    <Filter Include="99.Test\BurnExample">
      <UniqueIdentifier>{cf00cd0c-cd6b-4738-8822-acde791a45c4}</UniqueIdentifier>
    </Filter>
    <Filter Include="01.Core\03.Manager/Controller\05.FreeCamMove">
      <UniqueIdentifier>{c51a78f7-4aaf-40d6-8db4-2f33e3cd87c8}</UniqueIdentifier>
    </Filter>
    <Filter Include="03.Actor\04.UI\04.Shop">
      <UniqueIdentifier>{39126099-976e-41e1-939a-8292b43b2363}</UniqueIdentifier>
    </Filter>
    <Filter Include="03.Actor\04.UI\04.Shop\02.ShopInfo">
      <UniqueIdentifier>{dbf309a7-a212-4168-96c9-cc64473af973}</UniqueIdentifier>
    </Filter>
    <Filter Include="03.Actor\04.UI\04.Shop\03.CursorBar">
      <UniqueIdentifier>{909ac4d2-6f73-4e97-815b-606fc91a0dc1}</UniqueIdentifier>
    </Filter>
    <Filter Include="03.Actor\04.UI\04.Shop\01.ShopItem">
      <UniqueIdentifier>{4614545b-9d82-4ef9-9626-03bcc99273f3}</UniqueIdentifier>
    </Filter>
    <Filter Include="03.Actor\04.UI\04.Shop\01.ShopItem\01.ItemBlock">
      <UniqueIdentifier>{e5c411a2-e18f-4d75-8790-42d36b552444}</UniqueIdentifier>
    </Filter>
    <Filter Include="03.Actor\04.UI\04.Shop\01.ShopItem\01.ItemBlock\01.Base">
      <UniqueIdentifier>{0daac5aa-012a-463d-8434-a628fdfe62a9}</UniqueIdentifier>
    </Filter>
    <Filter Include="03.Actor\04.UI\04.Shop\01.ShopItem\01.ItemBlock\02.Shop">
      <UniqueIdentifier>{2edbc5e0-c8e9-4935-ac3d-aade4c8a641b}</UniqueIdentifier>
    </Filter>
    <Filter Include="03.Actor\04.UI\04.Shop\01.ShopItem\01.ItemBlock\03.Gym">
      <UniqueIdentifier>{d27eaeea-b080-42c0-af5b-cad29f15aab8}</UniqueIdentifier>
    </Filter>
    <Filter Include="03.Actor\04.UI\04.Shop\01.ShopItem\02.ShopSlotCtrl">
      <UniqueIdentifier>{dddbf7cf-e21c-4a65-a2f4-14cae7f2b19d}</UniqueIdentifier>
    </Filter>
    <Filter Include="05.Tool">
      <UniqueIdentifier>{34339328-f996-45ac-8111-c8a2d98e9550}</UniqueIdentifier>
    </Filter>
    <Filter Include="01.Core\03.Manager/Controller\06.ResourceHelper">
      <UniqueIdentifier>{9ea38e86-f8b1-463d-86dd-21dc1551a980}</UniqueIdentifier>
    </Filter>
    <Filter Include="05.Tool\01.GUI">
      <UniqueIdentifier>{d83ff6ca-e8c5-4f3f-9230-d1050e2e3f4b}</UniqueIdentifier>
    </Filter>
    <Filter Include="05.Tool\01.GUI\02.GUI">
      <UniqueIdentifier>{2b591757-5736-4613-a991-bcbd27b2bb30}</UniqueIdentifier>
    </Filter>
    <Filter Include="05.Tool\01.GUI\01.GUIMgr">
      <UniqueIdentifier>{e3df9c9e-0776-4174-9523-7fc5e7812f5b}</UniqueIdentifier>
    </Filter>
    <Filter Include="05.Tool\02.Actor">
      <UniqueIdentifier>{3d6e9ea1-6044-4ce0-8145-6187552425b3}</UniqueIdentifier>
    </Filter>
    <Filter Include="05.Tool\01.GUI\02.GUI\01.TransformViewer">
      <UniqueIdentifier>{83d24f76-66fd-4465-a415-6126305fe06d}</UniqueIdentifier>
    </Filter>
  </ItemGroup>
  <ItemGroup>
    <ClCompile Include="PrecompileHeader.cpp">
      <Filter>_Pch</Filter>
    </ClCompile>
    <ClCompile Include="OpeningLevel.cpp">
      <Filter>02.Level\01.Cinematic\01.Opening</Filter>
    </ClCompile>
    <ClCompile Include="EndingLevel.cpp">
      <Filter>02.Level\01.Cinematic\02.Ending</Filter>
    </ClCompile>
    <ClCompile Include="FieldLevelBase.cpp">
      <Filter>02.Level\02.Field\01.FieldBase</Filter>
    </ClCompile>
    <ClCompile Include="FieldActorBase.cpp">
      <Filter>03.Actor\03.FieldCharacter\01.FieldActorBase</Filter>
    </ClCompile>
    <ClCompile Include="FSMBase.cpp">
      <Filter>04.Component\01.FSMBase\01.FSMBase</Filter>
    </ClCompile>
    <ClCompile Include="StateBase.cpp">
      <Filter>04.Component\01.FSMBase\02.StateBase</Filter>
    </ClCompile>
    <ClCompile Include="PlayerFSM.cpp">
      <Filter>03.Actor\03.FieldCharacter\02.FieldPlayer\02.FSM\01.FSM</Filter>
    </ClCompile>
    <ClCompile Include="PlayerStateBase.cpp">
      <Filter>03.Actor\03.FieldCharacter\02.FieldPlayer\02.FSM\02.StateBase</Filter>
    </ClCompile>
    <ClCompile Include="RCG_GameCore.cpp">
      <Filter>01.Core\01.Core</Filter>
    </ClCompile>
    <ClCompile Include="KeyMgr.cpp">
      <Filter>01.Core\03.Manager/Controller\01.KeyMgr</Filter>
    </ClCompile>
    <ClCompile Include="PlayerState_Jump.cpp">
      <Filter>03.Actor\03.FieldCharacter\02.FieldPlayer\02.FSM\05.Jump</Filter>
    </ClCompile>
    <ClCompile Include="PlayerState_Fall.cpp">
      <Filter>03.Actor\03.FieldCharacter\02.FieldPlayer\02.FSM\06.Fall</Filter>
    </ClCompile>
    <ClCompile Include="PlayerState_Idle.cpp">
      <Filter>03.Actor\03.FieldCharacter\02.FieldPlayer\02.FSM\03.Idle</Filter>
    </ClCompile>
    <ClCompile Include="PlayerState_Move.cpp">
      <Filter>03.Actor\03.FieldCharacter\02.FieldPlayer\02.FSM\04.Move</Filter>
    </ClCompile>
    <ClCompile Include="RCGDefine.cpp">
      <Filter>01.Core\02.Define</Filter>
    </ClCompile>
    <ClCompile Include="OpeningActor.cpp">
      <Filter>03.Actor\02.OpeningActor</Filter>
    </ClCompile>
    <ClCompile Include="SchoolEntryLevel.cpp">
      <Filter>02.Level\02.Field\02.SchoolEntry</Filter>
    </ClCompile>
    <ClCompile Include="BackGround.cpp">
      <Filter>03.Actor\01.BackGround</Filter>
    </ClCompile>
    <ClCompile Include="ContentsCore_Resource.cpp">
      <Filter>01.Core\01.Core</Filter>
    </ClCompile>
    <ClCompile Include="FieldPlayer.cpp">
      <Filter>03.Actor\03.FieldCharacter\02.FieldPlayer\01.Actor</Filter>
    </ClCompile>
    <ClCompile Include="SchoolBossLevel.cpp">
      <Filter>02.Level\02.Field\03.SchoolBoss</Filter>
    </ClCompile>
    <ClCompile Include="CrossTownLevel1.cpp">
      <Filter>02.Level\02.Field\04.CrossTown1</Filter>
    </ClCompile>
    <ClCompile Include="CrossTownLevel2.cpp">
      <Filter>02.Level\02.Field\05.CrossTown2</Filter>
    </ClCompile>
    <ClCompile Include="CrossTownLevel3.cpp">
      <Filter>02.Level\02.Field\06.CrossTown3</Filter>
    </ClCompile>
    <ClCompile Include="TownBossLevel.cpp">
      <Filter>02.Level\02.Field\07.TownBoss</Filter>
    </ClCompile>
    <ClCompile Include="OceanLevel.cpp">
      <Filter>02.Level\02.Field\08.Ocean</Filter>
    </ClCompile>
    <ClCompile Include="OceanBossLevel.cpp">
      <Filter>02.Level\02.Field\09.OceanBoss</Filter>
    </ClCompile>
    <ClCompile Include="FieldCamController.cpp">
      <Filter>01.Core\03.Manager/Controller\02.FieldCam</Filter>
    </ClCompile>
    <ClCompile Include="LevelMgr.cpp">
      <Filter>01.Core\03.Manager/Controller\03.LevelMgr</Filter>
    </ClCompile>
    <ClCompile Include="SimpleFSM.cpp">
      <Filter>04.Component\02.InstanceFSM</Filter>
    </ClCompile>
    <ClCompile Include="FieldDoor.cpp">
      <Filter>03.Actor\05.FieldDoor</Filter>
    </ClCompile>
    <ClCompile Include="FieldDoor_Update.cpp">
      <Filter>03.Actor\05.FieldDoor</Filter>
    </ClCompile>
    <ClCompile Include="ShopLevelBase.cpp">
      <Filter>02.Level\03.Shop\01.Base</Filter>
    </ClCompile>
    <ClCompile Include="Shop_BurgerLevel.cpp">
      <Filter>02.Level\03.Shop\02.Burger</Filter>
    </ClCompile>
    <ClCompile Include="Shop_StoreLevel.cpp">
      <Filter>02.Level\03.Shop\03.Store</Filter>
    </ClCompile>
    <ClCompile Include="Shop_GymLevel.cpp">
      <Filter>02.Level\03.Shop\04.Gym</Filter>
    </ClCompile>
    <ClCompile Include="ShaderTestActor.cpp">
      <Filter>99.Test\ShaderTestActor</Filter>
    </ClCompile>
    <ClCompile Include="Fader.cpp">
      <Filter>03.Actor\04.UI\03.Fade</Filter>
    </ClCompile>
    <ClCompile Include="UIBase.cpp">
      <Filter>03.Actor\04.UI\01.UIBase</Filter>
    </ClCompile>
    <ClCompile Include="HUD.cpp">
      <Filter>03.Actor\04.UI\02.HUD</Filter>
    </ClCompile>
    <ClCompile Include="DataMgr.cpp">
      <Filter>01.Core\03.Manager/Controller\04.DataMgr</Filter>
    </ClCompile>
    <ClCompile Include="ColorWave.cpp">
      <Filter>99.Test\ColorWave</Filter>
    </ClCompile>
    <ClCompile Include="PlayerState_Dash.cpp">
      <Filter>03.Actor\03.FieldCharacter\02.FieldPlayer\02.FSM\07.Dash</Filter>
    </ClCompile>
    <ClCompile Include="GlichSideAttack.cpp">
      <Filter>03.Actor\06.Effect\01.GlichSideAttack</Filter>
    </ClCompile>
    <ClCompile Include="BurnExample.cpp">
      <Filter>99.Test\BurnExample</Filter>
    </ClCompile>
    <ClCompile Include="FreeCamMoveController.cpp">
      <Filter>01.Core\03.Manager/Controller\05.FreeCamMove</Filter>
    </ClCompile>
    <ClCompile Include="ShopItem_CursorBar.cpp">
      <Filter>03.Actor\04.UI\04.Shop\03.CursorBar</Filter>
    </ClCompile>
    <ClCompile Include="ShopInfo.cpp">
      <Filter>03.Actor\04.UI\04.Shop\02.ShopInfo</Filter>
    </ClCompile>
    <ClCompile Include="ShopItemBlockBase.cpp">
      <Filter>03.Actor\04.UI\04.Shop\01.ShopItem\01.ItemBlock\01.Base</Filter>
    </ClCompile>
    <ClCompile Include="ShopItemBlock.cpp">
      <Filter>03.Actor\04.UI\04.Shop\01.ShopItem\01.ItemBlock\02.Shop</Filter>
    </ClCompile>
    <ClCompile Include="ShopSkillBlock.cpp">
      <Filter>03.Actor\04.UI\04.Shop\01.ShopItem\01.ItemBlock\03.Gym</Filter>
    </ClCompile>
    <ClCompile Include="ShopSlotController.cpp">
      <Filter>03.Actor\04.UI\04.Shop\01.ShopItem\02.ShopSlotCtrl</Filter>
    </ClCompile>
    <ClCompile Include="GUIManager.cpp">
      <Filter>05.Tool\01.GUI\01.GUIMgr</Filter>
    </ClCompile>
    <ClCompile Include="ResourceHelper.cpp">
      <Filter>01.Core\03.Manager/Controller\06.ResourceHelper</Filter>
    </ClCompile>
    <ClCompile Include="OpeningDiaEffect.cpp">
      <Filter>03.Actor\02.OpeningActor</Filter>
    </ClCompile>
    <ClCompile Include="GameEngineActorGUI.cpp">
      <Filter>05.Tool\01.GUI\02.GUI\01.TransformViewer</Filter>
    </ClCompile>
  </ItemGroup>
  <ItemGroup>
    <ClInclude Include="PrecompileHeader.h">
      <Filter>_Pch</Filter>
    </ClInclude>
    <ClInclude Include="OpeningLevel.h">
      <Filter>02.Level\01.Cinematic\01.Opening</Filter>
    </ClInclude>
    <ClInclude Include="EndingLevel.h">
      <Filter>02.Level\01.Cinematic\02.Ending</Filter>
    </ClInclude>
    <ClInclude Include="FieldLevelBase.h">
      <Filter>02.Level\02.Field\01.FieldBase</Filter>
    </ClInclude>
    <ClInclude Include="FieldActorBase.h">
      <Filter>03.Actor\03.FieldCharacter\01.FieldActorBase</Filter>
    </ClInclude>
    <ClInclude Include="FSMBase.h">
      <Filter>04.Component\01.FSMBase\01.FSMBase</Filter>
    </ClInclude>
    <ClInclude Include="StateBase.h">
      <Filter>04.Component\01.FSMBase\02.StateBase</Filter>
    </ClInclude>
    <ClInclude Include="PlayerFSM.h">
      <Filter>03.Actor\03.FieldCharacter\02.FieldPlayer\02.FSM\01.FSM</Filter>
    </ClInclude>
    <ClInclude Include="PlayerStateBase.h">
      <Filter>03.Actor\03.FieldCharacter\02.FieldPlayer\02.FSM\02.StateBase</Filter>
    </ClInclude>
    <ClInclude Include="RCG_GameCore.h">
      <Filter>01.Core\01.Core</Filter>
    </ClInclude>
    <ClInclude Include="RCGEnums.h">
      <Filter>01.Core\02.Define</Filter>
    </ClInclude>
    <ClInclude Include="KeyMgr.h">
      <Filter>01.Core\03.Manager/Controller\01.KeyMgr</Filter>
    </ClInclude>
    <ClInclude Include="PlayerState_Jump.h">
      <Filter>03.Actor\03.FieldCharacter\02.FieldPlayer\02.FSM\05.Jump</Filter>
    </ClInclude>
    <ClInclude Include="PlayerState_Fall.h">
      <Filter>03.Actor\03.FieldCharacter\02.FieldPlayer\02.FSM\06.Fall</Filter>
    </ClInclude>
    <ClInclude Include="PlayerState_Idle.h">
      <Filter>03.Actor\03.FieldCharacter\02.FieldPlayer\02.FSM\03.Idle</Filter>
    </ClInclude>
    <ClInclude Include="PlayerState_Move.h">
      <Filter>03.Actor\03.FieldCharacter\02.FieldPlayer\02.FSM\04.Move</Filter>
    </ClInclude>
    <ClInclude Include="RCGDefine.h">
      <Filter>01.Core\02.Define</Filter>
    </ClInclude>
    <ClInclude Include="OpeningActor.h">
      <Filter>03.Actor\02.OpeningActor</Filter>
    </ClInclude>
    <ClInclude Include="SchoolEntryLevel.h">
      <Filter>02.Level\02.Field\02.SchoolEntry</Filter>
    </ClInclude>
    <ClInclude Include="BackGround.h">
      <Filter>03.Actor\01.BackGround</Filter>
    </ClInclude>
    <ClInclude Include="FieldPlayer.h">
      <Filter>03.Actor\03.FieldCharacter\02.FieldPlayer\01.Actor</Filter>
    </ClInclude>
    <ClInclude Include="SchoolBossLevel.h">
      <Filter>02.Level\02.Field\03.SchoolBoss</Filter>
    </ClInclude>
    <ClInclude Include="CrossTownLevel1.h">
      <Filter>02.Level\02.Field\04.CrossTown1</Filter>
    </ClInclude>
    <ClInclude Include="CrossTownLevel2.h">
      <Filter>02.Level\02.Field\05.CrossTown2</Filter>
    </ClInclude>
    <ClInclude Include="CrossTownLevel3.h">
      <Filter>02.Level\02.Field\06.CrossTown3</Filter>
    </ClInclude>
    <ClInclude Include="TownBossLevel.h">
      <Filter>02.Level\02.Field\07.TownBoss</Filter>
    </ClInclude>
    <ClInclude Include="OceanLevel.h">
      <Filter>02.Level\02.Field\08.Ocean</Filter>
    </ClInclude>
    <ClInclude Include="OceanBossLevel.h">
      <Filter>02.Level\02.Field\09.OceanBoss</Filter>
    </ClInclude>
    <ClInclude Include="FieldCamController.h">
      <Filter>01.Core\03.Manager/Controller\02.FieldCam</Filter>
    </ClInclude>
    <ClInclude Include="LevelMgr.h">
      <Filter>01.Core\03.Manager/Controller\03.LevelMgr</Filter>
    </ClInclude>
    <ClInclude Include="SimpleFSM.h">
      <Filter>04.Component\02.InstanceFSM</Filter>
    </ClInclude>
    <ClInclude Include="FieldDoor.h">
      <Filter>03.Actor\05.FieldDoor</Filter>
    </ClInclude>
    <ClInclude Include="ShopLevelBase.h">
      <Filter>02.Level\03.Shop\01.Base</Filter>
    </ClInclude>
    <ClInclude Include="Shop_BurgerLevel.h">
      <Filter>02.Level\03.Shop\02.Burger</Filter>
    </ClInclude>
    <ClInclude Include="Shop_StoreLevel.h">
      <Filter>02.Level\03.Shop\03.Store</Filter>
    </ClInclude>
    <ClInclude Include="Shop_GymLevel.h">
      <Filter>02.Level\03.Shop\04.Gym</Filter>
    </ClInclude>
    <ClInclude Include="ShaderTestActor.h">
      <Filter>99.Test\ShaderTestActor</Filter>
    </ClInclude>
    <ClInclude Include="Fader.h">
      <Filter>03.Actor\04.UI\03.Fade</Filter>
    </ClInclude>
    <ClInclude Include="UIBase.h">
      <Filter>03.Actor\04.UI\01.UIBase</Filter>
    </ClInclude>
    <ClInclude Include="HUD.h">
      <Filter>03.Actor\04.UI\02.HUD</Filter>
    </ClInclude>
    <ClInclude Include="DataMgr.h">
      <Filter>01.Core\03.Manager/Controller\04.DataMgr</Filter>
    </ClInclude>
    <ClInclude Include="ColorWave.h">
      <Filter>99.Test\ColorWave</Filter>
    </ClInclude>
    <ClInclude Include="PlayerState_Dash.h">
      <Filter>03.Actor\03.FieldCharacter\02.FieldPlayer\02.FSM\07.Dash</Filter>
    </ClInclude>
    <ClInclude Include="GlichSideAttack.h">
      <Filter>03.Actor\06.Effect\01.GlichSideAttack</Filter>
    </ClInclude>
    <ClInclude Include="BurnExample.h">
      <Filter>99.Test\BurnExample</Filter>
    </ClInclude>
    <ClInclude Include="FreeCamMoveController.h">
      <Filter>01.Core\03.Manager/Controller\05.FreeCamMove</Filter>
    </ClInclude>
    <ClInclude Include="ShopItem_CursorBar.h">
      <Filter>03.Actor\04.UI\04.Shop\03.CursorBar</Filter>
    </ClInclude>
    <ClInclude Include="ShopInfo.h">
      <Filter>03.Actor\04.UI\04.Shop\02.ShopInfo</Filter>
    </ClInclude>
    <ClInclude Include="ShopItemBlockBase.h">
      <Filter>03.Actor\04.UI\04.Shop\01.ShopItem\01.ItemBlock\01.Base</Filter>
    </ClInclude>
    <ClInclude Include="ShopItemBlock.h">
      <Filter>03.Actor\04.UI\04.Shop\01.ShopItem\01.ItemBlock\02.Shop</Filter>
    </ClInclude>
    <ClInclude Include="ShopSkillBlock.h">
      <Filter>03.Actor\04.UI\04.Shop\01.ShopItem\01.ItemBlock\03.Gym</Filter>
    </ClInclude>
    <ClInclude Include="ShopSlotController.h">
      <Filter>03.Actor\04.UI\04.Shop\01.ShopItem\02.ShopSlotCtrl</Filter>
    </ClInclude>
    <ClInclude Include="GUIManager.h">
      <Filter>05.Tool\01.GUI\01.GUIMgr</Filter>
    </ClInclude>
    <ClInclude Include="ResourceHelper.h">
      <Filter>01.Core\03.Manager/Controller\06.ResourceHelper</Filter>
    </ClInclude>
    <ClInclude Include="OpeningDiaEffect.h">
      <Filter>03.Actor\02.OpeningActor</Filter>
    </ClInclude>
    <ClInclude Include="GameEngineActorGUI.h">
      <Filter>05.Tool\01.GUI\02.GUI\01.TransformViewer</Filter>
    </ClInclude>
  </ItemGroup>
</Project>