<?xml version="1.0" encoding="utf-8"?>
<Project ToolsVersion="4.0" xmlns="http://schemas.microsoft.com/developer/msbuild/2003">
  <ItemGroup>
    <ClInclude Include="GameEngineCore.h">
      <Filter>02.EngineCore</Filter>
    </ClInclude>
    <ClInclude Include="GameEngineLevel.h">
      <Filter>05.Object\02.Level</Filter>
    </ClInclude>
    <ClInclude Include="GameEngineResource.h">
      <Filter>04.Resources\01.ResourceBase</Filter>
    </ClInclude>
    <ClInclude Include="GameEngineMesh.h">
      <Filter>04.Resources\02.Mesh</Filter>
    </ClInclude>
    <ClInclude Include="GameEngineComponent.h">
      <Filter>05.Object\04.Component\01.Base</Filter>
    </ClInclude>
    <ClInclude Include="GameEngineRenderer.h">
      <Filter>05.Object\04.Component\02.Render</Filter>
    </ClInclude>
    <ClInclude Include="GameEngineCollision.h">
      <Filter>05.Object\04.Component\03.Collision</Filter>
    </ClInclude>
    <ClInclude Include="GameEngineObject.h">
      <Filter>05.Object\01.Object\02.Object</Filter>
    </ClInclude>
    <ClInclude Include="GameEngineUpdateObject.h">
      <Filter>05.Object\01.Object\03.UpdateObject</Filter>
    </ClInclude>
    <ClInclude Include="GameEngineTransform.h">
      <Filter>05.Object\05.Transform</Filter>
    </ClInclude>
    <ClInclude Include="GameEngineActor.h">
      <Filter>05.Object\03.Actor\01.Base</Filter>
    </ClInclude>
    <ClInclude Include="GameEngineCamera.h">
      <Filter>05.Object\03.Actor\02.Camera</Filter>
    </ClInclude>
    <ClInclude Include="GameEngineObjectBase.h">
      <Filter>05.Object\01.Object\01.Base\01.Object</Filter>
    </ClInclude>
    <ClInclude Include="GameEngineNameObject.h">
      <Filter>05.Object\01.Object\01.Base\02.Name</Filter>
    </ClInclude>
    <ClInclude Include="GameEngineTexture.h">
      <Filter>04.Resources\03.Texture</Filter>
    </ClInclude>
    <ClInclude Include="GameEngineDevice.h">
      <Filter>03.Device</Filter>
    </ClInclude>
    <ClInclude Include="GameEngineRenderTarget.h">
      <Filter>04.Resources\04.RenderTarget</Filter>
    </ClInclude>
    <ClInclude Include="PrecompileHeader.h">
      <Filter>_Pch</Filter>
    </ClInclude>
    <ClInclude Include="GameEngineDirectBuffer.h">
      <Filter>04.Resources\05.RenderingPipeLine\03.Buffer\01.Base</Filter>
    </ClInclude>
    <ClInclude Include="GameEngineVertex.h">
      <Filter>04.Resources\05.RenderingPipeLine\02.Vertex</Filter>
    </ClInclude>
    <ClInclude Include="GameEngineVertexShader.h">
      <Filter>04.Resources\05.RenderingPipeLine\04.Shader\02.VertexShader</Filter>
    </ClInclude>
    <ClInclude Include="GameEngineRenderingPipeLine.h">
      <Filter>04.Resources\05.RenderingPipeLine\01.RPL</Filter>
    </ClInclude>
    <ClInclude Include="GameEngineIndexBuffer.h">
      <Filter>04.Resources\05.RenderingPipeLine\03.Buffer\03.IndexBuffer</Filter>
    </ClInclude>
    <ClInclude Include="GameEngineVertexBuffer.h">
      <Filter>04.Resources\05.RenderingPipeLine\03.Buffer\02.VertexBuffer</Filter>
    </ClInclude>
    <ClInclude Include="GameEnginePixelShader.h">
      <Filter>04.Resources\05.RenderingPipeLine\04.Shader\03.PixelShader</Filter>
    </ClInclude>
    <ClInclude Include="GameEngineRasterizer.h">
      <Filter>04.Resources\05.RenderingPipeLine\05.Rasterizer</Filter>
    </ClInclude>
    <ClInclude Include="GameEngineVideo.h">
      <Filter>04.Resources\06.Video</Filter>
    </ClInclude>
    <ClInclude Include="GameEngineInputLayOut.h">
      <Filter>04.Resources\05.RenderingPipeLine\06.InputLayOut</Filter>
    </ClInclude>
    <ClInclude Include="GameEngineEnum.h">
      <Filter>02.EngineCore</Filter>
    </ClInclude>
    <ClInclude Include="GameEngineConstantBuffer.h">
      <Filter>04.Resources\05.RenderingPipeLine\03.Buffer\04.ConstantBuffer</Filter>
    </ClInclude>
    <ClInclude Include="GameEngineShader.h">
      <Filter>04.Resources\05.RenderingPipeLine\04.Shader\01.Base\01.Shader</Filter>
    </ClInclude>
    <ClInclude Include="GameEngineShaderResHelper.h">
      <Filter>04.Resources\05.RenderingPipeLine\04.Shader\01.Base\02.Helper</Filter>
    </ClInclude>
    <ClInclude Include="ThirdParty\DirectXTex\inc\DirectXTex.h">
      <Filter>01.ThirdParty\01.DirectXTex\01.Header</Filter>
    </ClInclude>
    <ClInclude Include="GameEngineSampler.h">
      <Filter>04.Resources\03.Texture</Filter>
    </ClInclude>
    <ClInclude Include="GameEngineBlend.h">
      <Filter>04.Resources\05.RenderingPipeLine\07.Blend</Filter>
    </ClInclude>
    <ClInclude Include="GameEngineSpriteRenderer.h">
      <Filter>05.Object\04.Component\02.Render</Filter>
    </ClInclude>
    <ClInclude Include="GameEngineDepthState.h">
      <Filter>04.Resources\05.RenderingPipeLine\08.Depth</Filter>
    </ClInclude>
    <ClInclude Include="imgui_impl_dx11.h">
      <Filter>_imgui</Filter>
    </ClInclude>
    <ClInclude Include="imgui_impl_win32.h">
      <Filter>_imgui</Filter>
    </ClInclude>
    <ClInclude Include="imgui_internal.h">
      <Filter>_imgui</Filter>
    </ClInclude>
    <ClInclude Include="imstb_rectpack.h">
      <Filter>_imgui</Filter>
    </ClInclude>
    <ClInclude Include="imstb_textedit.h">
      <Filter>_imgui</Filter>
    </ClInclude>
    <ClInclude Include="imstb_truetype.h">
      <Filter>_imgui</Filter>
    </ClInclude>
    <ClInclude Include="imconfig.h">
      <Filter>_imgui</Filter>
    </ClInclude>
    <ClInclude Include="imgui.h">
      <Filter>_imgui</Filter>
    </ClInclude>
  </ItemGroup>
  <ItemGroup>
    <ClCompile Include="GameEngineCore.cpp">
      <Filter>02.EngineCore</Filter>
    </ClCompile>
    <ClCompile Include="GameEngineLevel.cpp">
      <Filter>05.Object\02.Level</Filter>
    </ClCompile>
    <ClCompile Include="GameEngineResource.cpp">
      <Filter>04.Resources\01.ResourceBase</Filter>
    </ClCompile>
    <ClCompile Include="GameEngineMesh.cpp">
      <Filter>04.Resources\02.Mesh</Filter>
    </ClCompile>
    <ClCompile Include="GameEngineComponent.cpp">
      <Filter>05.Object\04.Component\01.Base</Filter>
    </ClCompile>
    <ClCompile Include="GameEngineRenderer.cpp">
      <Filter>05.Object\04.Component\02.Render</Filter>
    </ClCompile>
    <ClCompile Include="GameEngineCollision.cpp">
      <Filter>05.Object\04.Component\03.Collision</Filter>
    </ClCompile>
    <ClCompile Include="GameEngineObject.cpp">
      <Filter>05.Object\01.Object\02.Object</Filter>
    </ClCompile>
    <ClCompile Include="GameEngineUpdateObject.cpp">
      <Filter>05.Object\01.Object\03.UpdateObject</Filter>
    </ClCompile>
    <ClCompile Include="GameEngineTransform.cpp">
      <Filter>05.Object\05.Transform</Filter>
    </ClCompile>
    <ClCompile Include="GameEngineActor.cpp">
      <Filter>05.Object\03.Actor\01.Base</Filter>
    </ClCompile>
    <ClCompile Include="GameEngineCamera.cpp">
      <Filter>05.Object\03.Actor\02.Camera</Filter>
    </ClCompile>
    <ClCompile Include="GameEngineObjectBase.cpp">
      <Filter>05.Object\01.Object\01.Base\01.Object</Filter>
    </ClCompile>
    <ClCompile Include="GameEngineNameObject.cpp">
      <Filter>05.Object\01.Object\01.Base\02.Name</Filter>
    </ClCompile>
    <ClCompile Include="GameEngineTexture.cpp">
      <Filter>04.Resources\03.Texture</Filter>
    </ClCompile>
    <ClCompile Include="GameEngineCore_Resources.cpp">
      <Filter>02.EngineCore</Filter>
    </ClCompile>
    <ClCompile Include="GameEngineDevice.cpp">
      <Filter>03.Device</Filter>
    </ClCompile>
    <ClCompile Include="GameEngineRenderTarget.cpp">
      <Filter>04.Resources\04.RenderTarget</Filter>
    </ClCompile>
    <ClCompile Include="PrecompileHeader.cpp">
      <Filter>_Pch</Filter>
    </ClCompile>
    <ClCompile Include="GameEngineDirectBuffer.cpp">
      <Filter>04.Resources\05.RenderingPipeLine\03.Buffer\01.Base</Filter>
    </ClCompile>
    <ClCompile Include="GameEngineVertex.cpp">
      <Filter>04.Resources\05.RenderingPipeLine\02.Vertex</Filter>
    </ClCompile>
    <ClCompile Include="GameEngineVertexShader.cpp">
      <Filter>04.Resources\05.RenderingPipeLine\04.Shader\02.VertexShader</Filter>
    </ClCompile>
    <ClCompile Include="GameEngineRenderingPipeLine.cpp">
      <Filter>04.Resources\05.RenderingPipeLine\01.RPL</Filter>
    </ClCompile>
    <ClCompile Include="GameEngineIndexBuffer.cpp">
      <Filter>04.Resources\05.RenderingPipeLine\03.Buffer\03.IndexBuffer</Filter>
    </ClCompile>
    <ClCompile Include="GameEngineVertexBuffer.cpp">
      <Filter>04.Resources\05.RenderingPipeLine\03.Buffer\02.VertexBuffer</Filter>
    </ClCompile>
    <ClCompile Include="GameEnginePixelShader.cpp">
      <Filter>04.Resources\05.RenderingPipeLine\04.Shader\03.PixelShader</Filter>
    </ClCompile>
    <ClCompile Include="GameEngineRasterizer.cpp">
      <Filter>04.Resources\05.RenderingPipeLine\05.Rasterizer</Filter>
    </ClCompile>
    <ClCompile Include="GameEngineVideo.cpp">
      <Filter>04.Resources\06.Video</Filter>
    </ClCompile>
    <ClCompile Include="GameEngineInputLayOut.cpp">
      <Filter>04.Resources\05.RenderingPipeLine\06.InputLayOut</Filter>
    </ClCompile>
    <ClCompile Include="GameEngineConstantBuffer.cpp">
      <Filter>04.Resources\05.RenderingPipeLine\03.Buffer\04.ConstantBuffer</Filter>
    </ClCompile>
    <ClCompile Include="GameEngineShader.cpp">
      <Filter>04.Resources\05.RenderingPipeLine\04.Shader\01.Base\01.Shader</Filter>
    </ClCompile>
    <ClCompile Include="GameEngineShaderResHelper.cpp">
      <Filter>04.Resources\05.RenderingPipeLine\04.Shader\01.Base\02.Helper</Filter>
    </ClCompile>
    <ClCompile Include="GameEngineSampler.cpp">
      <Filter>04.Resources\03.Texture</Filter>
    </ClCompile>
    <ClCompile Include="GameEngineBlend.cpp">
      <Filter>04.Resources\05.RenderingPipeLine\07.Blend</Filter>
    </ClCompile>
    <ClCompile Include="GameEngineSpriteRenderer.cpp">
      <Filter>05.Object\04.Component\02.Render</Filter>
    </ClCompile>
    <ClCompile Include="GameEngineDepthState.cpp">
      <Filter>04.Resources\05.RenderingPipeLine\08.Depth</Filter>
    </ClCompile>
    <ClCompile Include="imgui_impl_win32.cpp">
      <Filter>_imgui</Filter>
    </ClCompile>
    <ClCompile Include="imgui_tables.cpp">
      <Filter>_imgui</Filter>
    </ClCompile>
    <ClCompile Include="imgui_widgets.cpp">
      <Filter>_imgui</Filter>
    </ClCompile>
    <ClCompile Include="imgui.cpp">
      <Filter>_imgui</Filter>
    </ClCompile>
    <ClCompile Include="imgui_demo.cpp">
      <Filter>_imgui</Filter>
    </ClCompile>
    <ClCompile Include="imgui_draw.cpp">
      <Filter>_imgui</Filter>
    </ClCompile>
    <ClCompile Include="imgui_impl_dx11.cpp">
      <Filter>_imgui</Filter>
    </ClCompile>
  </ItemGroup>
  <ItemGroup>
    <Filter Include="_Pch">
      <UniqueIdentifier>{c64a6cce-ade0-4196-a895-c952dd22c296}</UniqueIdentifier>
    </Filter>
    <Filter Include="01.ThirdParty">
      <UniqueIdentifier>{6471abe1-c254-4267-b05c-d1560bbb9430}</UniqueIdentifier>
    </Filter>
    <Filter Include="02.EngineCore">
      <UniqueIdentifier>{3ce4a1cd-7007-4299-b1a5-b38f8136314c}</UniqueIdentifier>
    </Filter>
    <Filter Include="03.Device">
      <UniqueIdentifier>{8fa7d6a9-81fc-48c8-9dea-bea855ddbe51}</UniqueIdentifier>
    </Filter>
    <Filter Include="04.Resources">
      <UniqueIdentifier>{f2602830-62e1-4454-b9b5-eb8aeeba002a}</UniqueIdentifier>
    </Filter>
    <Filter Include="04.Resources\02.Mesh">
      <UniqueIdentifier>{8dea3e14-a532-45e5-afc6-231f4aa51b8d}</UniqueIdentifier>
    </Filter>
    <Filter Include="04.Resources\03.Texture">
      <UniqueIdentifier>{953199ab-e4d3-4e98-8bdd-a767c640a659}</UniqueIdentifier>
    </Filter>
    <Filter Include="04.Resources\04.RenderTarget">
      <UniqueIdentifier>{b425c986-50c1-4d9c-b43c-2e5e49848689}</UniqueIdentifier>
    </Filter>
    <Filter Include="04.Resources\01.ResourceBase">
      <UniqueIdentifier>{88426368-a9a8-4144-89ab-a4f8c9e6b3f3}</UniqueIdentifier>
    </Filter>
    <Filter Include="04.Resources\05.RenderingPipeLine">
      <UniqueIdentifier>{958ff5e6-9974-4db2-8f8c-53f54b3d3db6}</UniqueIdentifier>
    </Filter>
    <Filter Include="04.Resources\05.RenderingPipeLine\01.RPL">
      <UniqueIdentifier>{92ce678f-651f-48d5-a925-f3de81dd2a69}</UniqueIdentifier>
    </Filter>
    <Filter Include="04.Resources\05.RenderingPipeLine\02.Vertex">
      <UniqueIdentifier>{2391bb09-11ab-4232-bcd1-b3ac01ce7e20}</UniqueIdentifier>
    </Filter>
    <Filter Include="04.Resources\05.RenderingPipeLine\03.Buffer">
      <UniqueIdentifier>{f8ec63c3-2dad-4ab1-9faf-1c565e5f0497}</UniqueIdentifier>
    </Filter>
    <Filter Include="04.Resources\05.RenderingPipeLine\03.Buffer\01.Base">
      <UniqueIdentifier>{fd948f88-a2d3-4e29-99a6-90e357288d15}</UniqueIdentifier>
    </Filter>
    <Filter Include="04.Resources\05.RenderingPipeLine\03.Buffer\02.VertexBuffer">
      <UniqueIdentifier>{79c38f54-8bd5-48e5-a663-44e0ee4280f5}</UniqueIdentifier>
    </Filter>
    <Filter Include="04.Resources\05.RenderingPipeLine\03.Buffer\03.IndexBuffer">
      <UniqueIdentifier>{c32cfe78-9383-41c6-98b1-071ce1aa6164}</UniqueIdentifier>
    </Filter>
    <Filter Include="04.Resources\05.RenderingPipeLine\03.Buffer\04.ConstantBuffer">
      <UniqueIdentifier>{65aa40b5-9fcc-4717-8a39-12ce17eae9fd}</UniqueIdentifier>
    </Filter>
    <Filter Include="04.Resources\05.RenderingPipeLine\04.Shader">
      <UniqueIdentifier>{ddb2caf1-8a99-483f-904a-65909d9e494e}</UniqueIdentifier>
    </Filter>
    <Filter Include="04.Resources\05.RenderingPipeLine\04.Shader\01.Base">
      <UniqueIdentifier>{675edfa1-2abd-4329-bff4-24606b6da976}</UniqueIdentifier>
    </Filter>
    <Filter Include="04.Resources\05.RenderingPipeLine\04.Shader\01.Base\01.Shader">
      <UniqueIdentifier>{5e1f7ec3-167d-4d9e-972b-3d971dd20314}</UniqueIdentifier>
    </Filter>
    <Filter Include="04.Resources\05.RenderingPipeLine\04.Shader\01.Base\02.Helper">
      <UniqueIdentifier>{efe6f692-c887-44e3-bb19-e9759137e3b0}</UniqueIdentifier>
    </Filter>
    <Filter Include="04.Resources\05.RenderingPipeLine\04.Shader\02.VertexShader">
      <UniqueIdentifier>{9290e820-cf98-428a-abb2-678c6abc0bc2}</UniqueIdentifier>
    </Filter>
    <Filter Include="04.Resources\05.RenderingPipeLine\04.Shader\03.PixelShader">
      <UniqueIdentifier>{d7c62006-e7a6-422f-8215-4a4830fb0562}</UniqueIdentifier>
    </Filter>
    <Filter Include="04.Resources\05.RenderingPipeLine\05.Rasterizer">
      <UniqueIdentifier>{56c93f69-ab89-4bc6-a7cb-c7d029145aaa}</UniqueIdentifier>
    </Filter>
    <Filter Include="04.Resources\05.RenderingPipeLine\06.InputLayOut">
      <UniqueIdentifier>{b7675b1a-46c7-40bc-8de3-dd0372280aa6}</UniqueIdentifier>
    </Filter>
    <Filter Include="04.Resources\06.Video">
      <UniqueIdentifier>{276fb8c1-a37f-4273-8475-52006aaab79a}</UniqueIdentifier>
    </Filter>
    <Filter Include="05.Object">
      <UniqueIdentifier>{07c355e8-202d-4e35-ad13-ed78bb0c87de}</UniqueIdentifier>
    </Filter>
    <Filter Include="05.Object\02.Level">
      <UniqueIdentifier>{d895133b-560b-479c-a649-1b9bef606744}</UniqueIdentifier>
    </Filter>
    <Filter Include="05.Object\03.Actor">
      <UniqueIdentifier>{eed5400d-f35c-4262-a078-06b9cb2cb6c6}</UniqueIdentifier>
    </Filter>
    <Filter Include="05.Object\03.Actor\01.Base">
      <UniqueIdentifier>{199ca731-e4c3-4281-8307-ede180540a25}</UniqueIdentifier>
    </Filter>
    <Filter Include="05.Object\03.Actor\02.Camera">
      <UniqueIdentifier>{d7bd17cb-2b33-470c-bcf5-38c98b3d1e51}</UniqueIdentifier>
    </Filter>
    <Filter Include="05.Object\04.Component">
      <UniqueIdentifier>{c6dc69ed-3c1a-40c7-912f-2b08a6f06c39}</UniqueIdentifier>
    </Filter>
    <Filter Include="05.Object\04.Component\01.Base">
      <UniqueIdentifier>{9b33d59f-ef52-4ae3-80a7-f85959119119}</UniqueIdentifier>
    </Filter>
    <Filter Include="05.Object\04.Component\02.Render">
      <UniqueIdentifier>{36aaa353-5ca5-49eb-90c9-cafe52951fb7}</UniqueIdentifier>
    </Filter>
    <Filter Include="05.Object\04.Component\03.Collision">
      <UniqueIdentifier>{645d0d56-2182-4f76-9637-ffd747a7c42c}</UniqueIdentifier>
    </Filter>
    <Filter Include="05.Object\01.Object">
      <UniqueIdentifier>{7452e2bd-ded0-4898-9dcf-b0567e41db8b}</UniqueIdentifier>
    </Filter>
    <Filter Include="05.Object\01.Object\01.Base">
      <UniqueIdentifier>{c2cefb2b-92b0-4db4-a1bf-b55063f26194}</UniqueIdentifier>
    </Filter>
    <Filter Include="05.Object\01.Object\01.Base\01.Object">
      <UniqueIdentifier>{cf2da521-4772-4d14-82a9-73a4600cd9af}</UniqueIdentifier>
    </Filter>
    <Filter Include="05.Object\01.Object\01.Base\02.Name">
      <UniqueIdentifier>{0c563579-5143-4f3b-a6d5-eb8b94880e81}</UniqueIdentifier>
    </Filter>
    <Filter Include="05.Object\01.Object\02.Object">
      <UniqueIdentifier>{63079b8a-fbe7-4bc5-aa12-fa856c3567ba}</UniqueIdentifier>
    </Filter>
    <Filter Include="05.Object\01.Object\03.UpdateObject">
      <UniqueIdentifier>{096ed6ad-5cda-44cf-937f-5e088862cdd8}</UniqueIdentifier>
    </Filter>
    <Filter Include="05.Object\05.Transform">
      <UniqueIdentifier>{b0c66173-bfe2-45c2-9ac3-0a14df4477e4}</UniqueIdentifier>
    </Filter>
    <Filter Include="01.ThirdParty\01.DirectXTex">
      <UniqueIdentifier>{e568ea85-9c46-479d-81c5-9af37a57285a}</UniqueIdentifier>
    </Filter>
    <Filter Include="01.ThirdParty\01.DirectXTex\01.Header">
      <UniqueIdentifier>{24ab4ecb-ea3b-432f-b87f-f9225c9e743d}</UniqueIdentifier>
    </Filter>
    <Filter Include="01.ThirdParty\01.DirectXTex\02.bin">
      <UniqueIdentifier>{3dfbef61-6366-44c7-aa0b-01bb353ad95e}</UniqueIdentifier>
    </Filter>
    <Filter Include="01.ThirdParty\01.DirectXTex\02.bin\Debug">
      <UniqueIdentifier>{4c1e04c8-8730-4f6f-a25c-eaac37906b81}</UniqueIdentifier>
    </Filter>
    <Filter Include="01.ThirdParty\01.DirectXTex\02.bin\Release">
      <UniqueIdentifier>{d2753342-1a01-48f7-ad0a-afc962f73336}</UniqueIdentifier>
    </Filter>
    <Filter Include="04.Resources\05.RenderingPipeLine\07.Blend">
      <UniqueIdentifier>{1deab863-751a-47b1-b348-46f3f25abed5}</UniqueIdentifier>
    </Filter>
    <Filter Include="04.Resources\05.RenderingPipeLine\08.Depth">
      <UniqueIdentifier>{d5ecf2c1-4d19-4d02-839c-c7da36f15159}</UniqueIdentifier>
    </Filter>
    <Filter Include="_imgui">
      <UniqueIdentifier>{f2f64c67-3741-4178-8ec7-560993d10701}</UniqueIdentifier>
    </Filter>
  </ItemGroup>
  <ItemGroup>
    <None Include="ThirdParty\DirectXTex\inc\DirectXTex.inl">
      <Filter>01.ThirdParty\01.DirectXTex\01.Header</Filter>
    </None>
    <None Include="ThirdParty\DirectXTex\lib\x64\Debug\DirectXTex.lib">
      <Filter>01.ThirdParty\01.DirectXTex\02.bin\Debug</Filter>
    </None>
    <None Include="ThirdParty\DirectXTex\lib\x64\Release\DirectXTex.lib">
      <Filter>01.ThirdParty\01.DirectXTex\02.bin\Release</Filter>
    </None>
  </ItemGroup>
</Project>