<?xml version="1.0" encoding="utf-8"?>
<Project ToolsVersion="4.0" xmlns="http://schemas.microsoft.com/developer/msbuild/2003">
  <ItemGroup>
    <ClInclude Include="GameEngineCore.h">
      <Filter>01.EngineCore</Filter>
    </ClInclude>
    <ClInclude Include="GameEngineLevel.h">
      <Filter>02.Object\02.Level</Filter>
    </ClInclude>
    <ClInclude Include="GameEngineObject.h">
      <Filter>02.Object\01.Object</Filter>
    </ClInclude>
    <ClInclude Include="GameEngineResource.h">
      <Filter>03.Resources\01.Resource</Filter>
    </ClInclude>
    <ClInclude Include="GameEngineMesh.h">
      <Filter>03.Resources\02.Mesh</Filter>
    </ClInclude>
    <ClInclude Include="GameEngineActor.h">
      <Filter>02.Object\03.Actor</Filter>
    </ClInclude>
    <ClInclude Include="GameEngineTransform.h">
      <Filter>02.Object</Filter>
    </ClInclude>
    <ClInclude Include="GameEngineCamera.h">
      <Filter>02.Object</Filter>
    </ClInclude>
    <ClInclude Include="GameEngineUpdateObject.h">
      <Filter>02.Object\01.Object</Filter>
    </ClInclude>
    <ClInclude Include="GameEngineComponent.h">
      <Filter>02.Object\04.Component\01.Base</Filter>
    </ClInclude>
    <ClInclude Include="GameEngineRenderer.h">
      <Filter>02.Object\04.Component\02.Render</Filter>
    </ClInclude>
    <ClInclude Include="GameEngineCollision.h">
      <Filter>02.Object\04.Component\03.Collision</Filter>
    </ClInclude>
  </ItemGroup>
  <ItemGroup>
    <ClCompile Include="GameEngineCore.cpp">
      <Filter>01.EngineCore</Filter>
    </ClCompile>
    <ClCompile Include="GameEngineLevel.cpp">
      <Filter>02.Object\02.Level</Filter>
    </ClCompile>
    <ClCompile Include="GameEngineObject.cpp">
      <Filter>02.Object\01.Object</Filter>
    </ClCompile>
    <ClCompile Include="GameEngineResource.cpp">
      <Filter>03.Resources\01.Resource</Filter>
    </ClCompile>
    <ClCompile Include="GameEngineMesh.cpp">
      <Filter>03.Resources\02.Mesh</Filter>
    </ClCompile>
    <ClCompile Include="GameEngineActor.cpp">
      <Filter>02.Object\03.Actor</Filter>
    </ClCompile>
    <ClCompile Include="GameEngineTransform.cpp">
      <Filter>02.Object</Filter>
    </ClCompile>
    <ClCompile Include="GameEngineCamera.cpp">
      <Filter>02.Object</Filter>
    </ClCompile>
    <ClCompile Include="GameEngineUpdateObject.cpp">
      <Filter>02.Object\01.Object</Filter>
    </ClCompile>
    <ClCompile Include="GameEngineComponent.cpp">
      <Filter>02.Object\04.Component\01.Base</Filter>
    </ClCompile>
    <ClCompile Include="GameEngineRenderer.cpp">
      <Filter>02.Object\04.Component\02.Render</Filter>
    </ClCompile>
    <ClCompile Include="GameEngineCollision.cpp">
      <Filter>02.Object\04.Component\03.Collision</Filter>
    </ClCompile>
  </ItemGroup>
  <ItemGroup>
    <Filter Include="01.EngineCore">
      <UniqueIdentifier>{3ce4a1cd-7007-4299-b1a5-b38f8136314c}</UniqueIdentifier>
    </Filter>
    <Filter Include="02.Object">
      <UniqueIdentifier>{07c355e8-202d-4e35-ad13-ed78bb0c87de}</UniqueIdentifier>
    </Filter>
    <Filter Include="03.Resources">
      <UniqueIdentifier>{f2602830-62e1-4454-b9b5-eb8aeeba002a}</UniqueIdentifier>
    </Filter>
    <Filter Include="02.Object\02.Level">
      <UniqueIdentifier>{d895133b-560b-479c-a649-1b9bef606744}</UniqueIdentifier>
    </Filter>
    <Filter Include="03.Resources\01.Resource">
      <UniqueIdentifier>{88426368-a9a8-4144-89ab-a4f8c9e6b3f3}</UniqueIdentifier>
    </Filter>
    <Filter Include="03.Resources\02.Mesh">
      <UniqueIdentifier>{8dea3e14-a532-45e5-afc6-231f4aa51b8d}</UniqueIdentifier>
    </Filter>
    <Filter Include="02.Object\03.Actor">
      <UniqueIdentifier>{eed5400d-f35c-4262-a078-06b9cb2cb6c6}</UniqueIdentifier>
    </Filter>
    <Filter Include="02.Object\04.Component">
      <UniqueIdentifier>{c6dc69ed-3c1a-40c7-912f-2b08a6f06c39}</UniqueIdentifier>
    </Filter>
    <Filter Include="02.Object\01.Object">
      <UniqueIdentifier>{7452e2bd-ded0-4898-9dcf-b0567e41db8b}</UniqueIdentifier>
    </Filter>
    <Filter Include="02.Object\04.Component\01.Base">
      <UniqueIdentifier>{9b33d59f-ef52-4ae3-80a7-f85959119119}</UniqueIdentifier>
    </Filter>
    <Filter Include="02.Object\04.Component\02.Render">
      <UniqueIdentifier>{36aaa353-5ca5-49eb-90c9-cafe52951fb7}</UniqueIdentifier>
    </Filter>
    <Filter Include="02.Object\04.Component\03.Collision">
      <UniqueIdentifier>{645d0d56-2182-4f76-9637-ffd747a7c42c}</UniqueIdentifier>
    </Filter>
  </ItemGroup>
</Project>